
Microsoft Visual Studio Solution File, Format Version 12.00
# Visual Studio 2013
VisualStudioVersion = 12.0.21005.1
MinimumVisualStudioVersion = 10.0.40219.1
Project("{FAE04EC0-301F-11D3-BF4B-00C04F79EFBC}") = "Gw2Launcher", "Gw2Launcher\Gw2Launcher.csproj", "{921386E1-4284-441F-BB63-91B57D74BBEC}"
EndProject
Global
	GlobalSection(SolutionConfigurationPlatforms) = preSolution
		Debug|Any CPU = Debug|Any CPU
		Release|Any CPU = Release|Any CPU
	EndGlobalSection
	GlobalSection(ProjectConfigurationPlatforms) = postSolution
		{921386E1-4284-441F-BB63-91B57D74BBEC}.Debug|Any CPU.ActiveCfg = Debug|Any CPU
		{921386E1-4284-441F-BB63-91B57D74BBEC}.Debug|Any CPU.Build.0 = Debug|Any CPU
		{921386E1-4284-441F-BB63-91B57D74BBEC}.Release|Any CPU.ActiveCfg = Release|Any CPU
		{921386E1-4284-441F-BB63-91B57D74BBEC}.Release|Any CPU.Build.0 = Release|Any CPU
	EndGlobalSection
	GlobalSection(SolutionProperties) = preSolution
		HideSolutionNode = FALSE
	EndGlobalSection
EndGlobal
